
Microsoft Visual Studio Solution File, Format Version 12.00
# Visual Studio Version 16
VisualStudioVersion = 16.0.29911.84
MinimumVisualStudioVersion = 10.0.40219.1
Project("{9A19103F-16F7-4668-BE54-9A1E7A4F7556}") = "lesson11B_13.02.21", "lesson11B_13.02.21\lesson11B_13.02.21.csproj", "{F65ADF8E-752D-410A-AE34-7E287BB3A7A4}"
EndProject
Global
	GlobalSection(SolutionConfigurationPlatforms) = preSolution
		Debug|Any CPU = Debug|Any CPU
		Release|Any CPU = Release|Any CPU
	EndGlobalSection
	GlobalSection(ProjectConfigurationPlatforms) = postSolution
		{F65ADF8E-752D-410A-AE34-7E287BB3A7A4}.Debug|Any CPU.ActiveCfg = Debug|Any CPU
		{F65ADF8E-752D-410A-AE34-7E287BB3A7A4}.Debug|Any CPU.Build.0 = Debug|Any CPU
		{F65ADF8E-752D-410A-AE34-7E287BB3A7A4}.Release|Any CPU.ActiveCfg = Release|Any CPU
		{F65ADF8E-752D-410A-AE34-7E287BB3A7A4}.Release|Any CPU.Build.0 = Release|Any CPU
	EndGlobalSection
	GlobalSection(SolutionProperties) = preSolution
		HideSolutionNode = FALSE
	EndGlobalSection
	GlobalSection(ExtensibilityGlobals) = postSolution
		SolutionGuid = {1A45AE94-48E9-4057-96FE-423B95E85390}
	EndGlobalSection
EndGlobal
